// !$*UTF8*$!
{
	archiveVersion = 1;
	classes = {
	};
	objectVersion = 46;
	objects = {

/* Begin PBXBuildFile section */
		B0EFD18D18B7127E00511310 /* Foundation.framework in Frameworks */ = {isa = PBXBuildFile; fileRef = B0EFD18C18B7127E00511310 /* Foundation.framework */; };
		B0EFD18F18B7127E00511310 /* CoreGraphics.framework in Frameworks */ = {isa = PBXBuildFile; fileRef = B0EFD18E18B7127E00511310 /* CoreGraphics.framework */; };
		B0EFD19118B7127E00511310 /* UIKit.framework in Frameworks */ = {isa = PBXBuildFile; fileRef = B0EFD19018B7127E00511310 /* UIKit.framework */; };
		B0EFD19718B7127E00511310 /* InfoPlist.strings in Resources */ = {isa = PBXBuildFile; fileRef = B0EFD19518B7127E00511310 /* InfoPlist.strings */; };
		B0EFD19918B7127E00511310 /* main.m in Sources */ = {isa = PBXBuildFile; fileRef = B0EFD19818B7127E00511310 /* main.m */; };
		B0EFD19D18B7127E00511310 /* XYZAppDelegate.m in Sources */ = {isa = PBXBuildFile; fileRef = B0EFD19C18B7127E00511310 /* XYZAppDelegate.m */; };
		B0EFD19F18B7127E00511310 /* Images.xcassets in Resources */ = {isa = PBXBuildFile; fileRef = B0EFD19E18B7127E00511310 /* Images.xcassets */; };
		B0EFD1A618B7127E00511310 /* XCTest.framework in Frameworks */ = {isa = PBXBuildFile; fileRef = B0EFD1A518B7127E00511310 /* XCTest.framework */; };
		B0EFD1A718B7127E00511310 /* Foundation.framework in Frameworks */ = {isa = PBXBuildFile; fileRef = B0EFD18C18B7127E00511310 /* Foundation.framework */; };
		B0EFD1A818B7127E00511310 /* UIKit.framework in Frameworks */ = {isa = PBXBuildFile; fileRef = B0EFD19018B7127E00511310 /* UIKit.framework */; };
		B0EFD1B018B7127E00511310 /* InfoPlist.strings in Resources */ = {isa = PBXBuildFile; fileRef = B0EFD1AE18B7127E00511310 /* InfoPlist.strings */; };
		B0EFD1B218B7127E00511310 /* ToDoListTests.m in Sources */ = {isa = PBXBuildFile; fileRef = B0EFD1B118B7127E00511310 /* ToDoListTests.m */; };
		B0EFD1BE18B7190200511310 /* Main.storyboard in Resources */ = {isa = PBXBuildFile; fileRef = B0EFD1BD18B7190200511310 /* Main.storyboard */; };
/* End PBXBuildFile section */

/* Begin PBXContainerItemProxy section */
		B0EFD1A918B7127E00511310 /* PBXContainerItemProxy */ = {
			isa = PBXContainerItemProxy;
			containerPortal = B0EFD18118B7127E00511310 /* Project object */;
			proxyType = 1;
			remoteGlobalIDString = B0EFD18818B7127E00511310;
			remoteInfo = ToDoList;
		};
/* End PBXContainerItemProxy section */

/* Begin PBXFileReference section */
		B0EFD18918B7127E00511310 /* ToDoList.app */ = {isa = PBXFileReference; explicitFileType = wrapper.application; includeInIndex = 0; path = ToDoList.app; sourceTree = BUILT_PRODUCTS_DIR; };
		B0EFD18C18B7127E00511310 /* Foundation.framework */ = {isa = PBXFileReference; lastKnownFileType = wrapper.framework; name = Foundation.framework; path = System/Library/Frameworks/Foundation.framework; sourceTree = SDKROOT; };
		B0EFD18E18B7127E00511310 /* CoreGraphics.framework */ = {isa = PBXFileReference; lastKnownFileType = wrapper.framework; name = CoreGraphics.framework; path = System/Library/Frameworks/CoreGraphics.framework; sourceTree = SDKROOT; };
		B0EFD19018B7127E00511310 /* UIKit.framework */ = {isa = PBXFileReference; lastKnownFileType = wrapper.framework; name = UIKit.framework; path = System/Library/Frameworks/UIKit.framework; sourceTree = SDKROOT; };
		B0EFD19418B7127E00511310 /* ToDoList-Info.plist */ = {isa = PBXFileReference; lastKnownFileType = text.plist.xml; path = "ToDoList-Info.plist"; sourceTree = "<group>"; };
		B0EFD19618B7127E00511310 /* en */ = {isa = PBXFileReference; lastKnownFileType = text.plist.strings; name = en; path = en.lproj/InfoPlist.strings; sourceTree = "<group>"; };
		B0EFD19818B7127E00511310 /* main.m */ = {isa = PBXFileReference; lastKnownFileType = sourcecode.c.objc; path = main.m; sourceTree = "<group>"; };
		B0EFD19A18B7127E00511310 /* ToDoList-Prefix.pch */ = {isa = PBXFileReference; lastKnownFileType = sourcecode.c.h; path = "ToDoList-Prefix.pch"; sourceTree = "<group>"; };
		B0EFD19B18B7127E00511310 /* XYZAppDelegate.h */ = {isa = PBXFileReference; lastKnownFileType = sourcecode.c.h; path = XYZAppDelegate.h; sourceTree = "<group>"; };
		B0EFD19C18B7127E00511310 /* XYZAppDelegate.m */ = {isa = PBXFileReference; lastKnownFileType = sourcecode.c.objc; path = XYZAppDelegate.m; sourceTree = "<group>"; };
		B0EFD19E18B7127E00511310 /* Images.xcassets */ = {isa = PBXFileReference; lastKnownFileType = folder.assetcatalog; path = Images.xcassets; sourceTree = "<group>"; };
		B0EFD1A418B7127E00511310 /* ToDoListTests.xctest */ = {isa = PBXFileReference; explicitFileType = wrapper.cfbundle; includeInIndex = 0; path = ToDoListTests.xctest; sourceTree = BUILT_PRODUCTS_DIR; };
		B0EFD1A518B7127E00511310 /* XCTest.framework */ = {isa = PBXFileReference; lastKnownFileType = wrapper.framework; name = XCTest.framework; path = Library/Frameworks/XCTest.framework; sourceTree = DEVELOPER_DIR; };
		B0EFD1AD18B7127E00511310 /* ToDoListTests-Info.plist */ = {isa = PBXFileReference; lastKnownFileType = text.plist.xml; path = "ToDoListTests-Info.plist"; sourceTree = "<group>"; };
		B0EFD1AF18B7127E00511310 /* en */ = {isa = PBXFileReference; lastKnownFileType = text.plist.strings; name = en; path = en.lproj/InfoPlist.strings; sourceTree = "<group>"; };
		B0EFD1B118B7127E00511310 /* ToDoListTests.m */ = {isa = PBXFileReference; lastKnownFileType = sourcecode.c.objc; path = ToDoListTests.m; sourceTree = "<group>"; };
		B0EFD1BD18B7190200511310 /* Main.storyboard */ = {isa = PBXFileReference; fileEncoding = 4; lastKnownFileType = file.storyboard; path = Main.storyboard; sourceTree = "<group>"; };
/* End PBXFileReference section */

/* Begin PBXFrameworksBuildPhase section */
		B0EFD18618B7127E00511310 /* Frameworks */ = {
			isa = PBXFrameworksBuildPhase;
			buildActionMask = 2147483647;
			files = (
				B0EFD18F18B7127E00511310 /* CoreGraphics.framework in Frameworks */,
				B0EFD19118B7127E00511310 /* UIKit.framework in Frameworks */,
				B0EFD18D18B7127E00511310 /* Foundation.framework in Frameworks */,
			);
			runOnlyForDeploymentPostprocessing = 0;
		};
		B0EFD1A118B7127E00511310 /* Frameworks */ = {
			isa = PBXFrameworksBuildPhase;
			buildActionMask = 2147483647;
			files = (
				B0EFD1A618B7127E00511310 /* XCTest.framework in Frameworks */,
				B0EFD1A818B7127E00511310 /* UIKit.framework in Frameworks */,
				B0EFD1A718B7127E00511310 /* Foundation.framework in Frameworks */,
			);
			runOnlyForDeploymentPostprocessing = 0;
		};
/* End PBXFrameworksBuildPhase section */

/* Begin PBXGroup section */
		B0EFD18018B7127E00511310 = {
			isa = PBXGroup;
			children = (
				B0EFD19218B7127E00511310 /* ToDoList */,
				B0EFD1AB18B7127E00511310 /* ToDoListTests */,
				B0EFD18B18B7127E00511310 /* Frameworks */,
				B0EFD18A18B7127E00511310 /* Products */,
			);
			sourceTree = "<group>";
		};
		B0EFD18A18B7127E00511310 /* Products */ = {
			isa = PBXGroup;
			children = (
				B0EFD18918B7127E00511310 /* ToDoList.app */,
				B0EFD1A418B7127E00511310 /* ToDoListTests.xctest */,
			);
			name = Products;
			sourceTree = "<group>";
		};
		B0EFD18B18B7127E00511310 /* Frameworks */ = {
			isa = PBXGroup;
			children = (
				B0EFD18C18B7127E00511310 /* Foundation.framework */,
				B0EFD18E18B7127E00511310 /* CoreGraphics.framework */,
				B0EFD19018B7127E00511310 /* UIKit.framework */,
				B0EFD1A518B7127E00511310 /* XCTest.framework */,
			);
			name = Frameworks;
			sourceTree = "<group>";
		};
		B0EFD19218B7127E00511310 /* ToDoList */ = {
			isa = PBXGroup;
			children = (
				B0EFD19B18B7127E00511310 /* XYZAppDelegate.h */,
				B0EFD19C18B7127E00511310 /* XYZAppDelegate.m */,
				B0EFD19E18B7127E00511310 /* Images.xcassets */,
				B0EFD19318B7127E00511310 /* Supporting Files */,
				B0EFD1BD18B7190200511310 /* Main.storyboard */,
			);
			path = ToDoList;
			sourceTree = "<group>";
		};
		B0EFD19318B7127E00511310 /* Supporting Files */ = {
			isa = PBXGroup;
			children = (
				B0EFD19418B7127E00511310 /* ToDoList-Info.plist */,
				B0EFD19518B7127E00511310 /* InfoPlist.strings */,
				B0EFD19818B7127E00511310 /* main.m */,
				B0EFD19A18B7127E00511310 /* ToDoList-Prefix.pch */,
			);
			name = "Supporting Files";
			sourceTree = "<group>";
		};
		B0EFD1AB18B7127E00511310 /* ToDoListTests */ = {
			isa = PBXGroup;
			children = (
				B0EFD1B118B7127E00511310 /* ToDoListTests.m */,
				B0EFD1AC18B7127E00511310 /* Supporting Files */,
			);
			path = ToDoListTests;
			sourceTree = "<group>";
		};
		B0EFD1AC18B7127E00511310 /* Supporting Files */ = {
			isa = PBXGroup;
			children = (
				B0EFD1AD18B7127E00511310 /* ToDoListTests-Info.plist */,
				B0EFD1AE18B7127E00511310 /* InfoPlist.strings */,
			);
			name = "Supporting Files";
			sourceTree = "<group>";
		};
/* End PBXGroup section */

/* Begin PBXNativeTarget section */
		B0EFD18818B7127E00511310 /* ToDoList */ = {
			isa = PBXNativeTarget;
			buildConfigurationList = B0EFD1B518B7127E00511310 /* Build configuration list for PBXNativeTarget "ToDoList" */;
			buildPhases = (
				B0EFD18518B7127E00511310 /* Sources */,
				B0EFD18618B7127E00511310 /* Frameworks */,
				B0EFD18718B7127E00511310 /* Resources */,
			);
			buildRules = (
			);
			dependencies = (
			);
			name = ToDoList;
			productName = ToDoList;
			productReference = B0EFD18918B7127E00511310 /* ToDoList.app */;
			productType = "com.apple.product-type.application";
		};
		B0EFD1A318B7127E00511310 /* ToDoListTests */ = {
			isa = PBXNativeTarget;
			buildConfigurationList = B0EFD1B818B7127E00511310 /* Build configuration list for PBXNativeTarget "ToDoListTests" */;
			buildPhases = (
				B0EFD1A018B7127E00511310 /* Sources */,
				B0EFD1A118B7127E00511310 /* Frameworks */,
				B0EFD1A218B7127E00511310 /* Resources */,
			);
			buildRules = (
			);
			dependencies = (
				B0EFD1AA18B7127E00511310 /* PBXTargetDependency */,
			);
			name = ToDoListTests;
			productName = ToDoListTests;
			productReference = B0EFD1A418B7127E00511310 /* ToDoListTests.xctest */;
			productType = "com.apple.product-type.bundle.unit-test";
		};
/* End PBXNativeTarget section */

/* Begin PBXProject section */
		B0EFD18118B7127E00511310 /* Project object */ = {
			isa = PBXProject;
			attributes = {
				CLASSPREFIX = XYZ;
				LastUpgradeCheck = 0500;
				ORGANIZATIONNAME = ITESM;
				TargetAttributes = {
					B0EFD1A318B7127E00511310 = {
						TestTargetID = B0EFD18818B7127E00511310;
					};
				};
			};
			buildConfigurationList = B0EFD18418B7127E00511310 /* Build configuration list for PBXProject "ToDoList" */;
			compatibilityVersion = "Xcode 3.2";
			developmentRegion = English;
			hasScannedForEncodings = 0;
			knownRegions = (
				en,
			);
			mainGroup = B0EFD18018B7127E00511310;
			productRefGroup = B0EFD18A18B7127E00511310 /* Products */;
			projectDirPath = "";
			projectRoot = "";
			targets = (
				B0EFD18818B7127E00511310 /* ToDoList */,
				B0EFD1A318B7127E00511310 /* ToDoListTests */,
			);
		};
/* End PBXProject section */

/* Begin PBXResourcesBuildPhase section */
		B0EFD18718B7127E00511310 /* Resources */ = {
			isa = PBXResourcesBuildPhase;
			buildActionMask = 2147483647;
			files = (
				B0EFD1BE18B7190200511310 /* Main.storyboard in Resources */,
				B0EFD19718B7127E00511310 /* InfoPlist.strings in Resources */,
				B0EFD19F18B7127E00511310 /* Images.xcassets in Resources */,
			);
			runOnlyForDeploymentPostprocessing = 0;
		};
		B0EFD1A218B7127E00511310 /* Resources */ = {
			isa = PBXResourcesBuildPhase;
			buildActionMask = 2147483647;
			files = (
				B0EFD1B018B7127E00511310 /* InfoPlist.strings in Resources */,
			);
			runOnlyForDeploymentPostprocessing = 0;
		};
/* End PBXResourcesBuildPhase section */

/* Begin PBXSourcesBuildPhase section */
		B0EFD18518B7127E00511310 /* Sources */ = {
			isa = PBXSourcesBuildPhase;
			buildActionMask = 2147483647;
			files = (
				B0EFD19D18B7127E00511310 /* XYZAppDelegate.m in Sources */,
				B0EFD19918B7127E00511310 /* main.m in Sources */,
			);
			runOnlyForDeploymentPostprocessing = 0;
		};
		B0EFD1A018B7127E00511310 /* Sources */ = {
			isa = PBXSourcesBuildPhase;
			buildActionMask = 2147483647;
			files = (
				B0EFD1B218B7127E00511310 /* ToDoListTests.m in Sources */,
			);
			runOnlyForDeploymentPostprocessing = 0;
		};
/* End PBXSourcesBuildPhase section */

/* Begin PBXTargetDependency section */
		B0EFD1AA18B7127E00511310 /* PBXTargetDependency */ = {
			isa = PBXTargetDependency;
			target = B0EFD18818B7127E00511310 /* ToDoList */;
			targetProxy = B0EFD1A918B7127E00511310 /* PBXContainerItemProxy */;
		};
/* End PBXTargetDependency section */

/* Begin PBXVariantGroup section */
		B0EFD19518B7127E00511310 /* InfoPlist.strings */ = {
			isa = PBXVariantGroup;
			children = (
				B0EFD19618B7127E00511310 /* en */,
			);
			name = InfoPlist.strings;
			sourceTree = "<group>";
		};
		B0EFD1AE18B7127E00511310 /* InfoPlist.strings */ = {
			isa = PBXVariantGroup;
			children = (
				B0EFD1AF18B7127E00511310 /* en */,
			);
			name = InfoPlist.strings;
			sourceTree = "<group>";
		};
/* End PBXVariantGroup section */

/* Begin XCBuildConfiguration section */
		B0EFD1B318B7127E00511310 /* Debug */ = {
			isa = XCBuildConfiguration;
			buildSettings = {
				ALWAYS_SEARCH_USER_PATHS = NO;
				ARCHS = "$(ARCHS_STANDARD_INCLUDING_64_BIT)";
				CLANG_CXX_LANGUAGE_STANDARD = "gnu++0x";
				CLANG_CXX_LIBRARY = "libc++";
				CLANG_ENABLE_MODULES = YES;
				CLANG_ENABLE_OBJC_ARC = YES;
				CLANG_WARN_BOOL_CONVERSION = YES;
				CLANG_WARN_CONSTANT_CONVERSION = YES;
				CLANG_WARN_DIRECT_OBJC_ISA_USAGE = YES_ERROR;
				CLANG_WARN_EMPTY_BODY = YES;
				CLANG_WARN_ENUM_CONVERSION = YES;
				CLANG_WARN_INT_CONVERSION = YES;
				CLANG_WARN_OBJC_ROOT_CLASS = YES_ERROR;
				CLANG_WARN__DUPLICATE_METHOD_MATCH = YES;
				"CODE_SIGN_IDENTITY[sdk=iphoneos*]" = "iPhone Developer";
				COPY_PHASE_STRIP = NO;
				GCC_C_LANGUAGE_STANDARD = gnu99;
				GCC_DYNAMIC_NO_PIC = NO;
				GCC_OPTIMIZATION_LEVEL = 0;
				GCC_PREPROCESSOR_DEFINITIONS = (
					"DEBUG=1",
					"$(inherited)",
				);
				GCC_SYMBOLS_PRIVATE_EXTERN = NO;
				GCC_WARN_64_TO_32_BIT_CONVERSION = YES;
				GCC_WARN_ABOUT_RETURN_TYPE = YES_ERROR;
				GCC_WARN_UNDECLARED_SELECTOR = YES;
				GCC_WARN_UNINITIALIZED_AUTOS = YES;
				GCC_WARN_UNUSED_FUNCTION = YES;
				GCC_WARN_UNUSED_VARIABLE = YES;
				IPHONEOS_DEPLOYMENT_TARGET = 7.0;
				ONLY_ACTIVE_ARCH = YES;
				SDKROOT = iphoneos;
			};
			name = Debug;
		};
		B0EFD1B418B7127E00511310 /* Release */ = {
			isa = XCBuildConfiguration;
			buildSettings = {
				ALWAYS_SEARCH_USER_PATHS = NO;
				ARCHS = "$(ARCHS_STANDARD_INCLUDING_64_BIT)";
				CLANG_CXX_LANGUAGE_STANDARD = "gnu++0x";
				CLANG_CXX_LIBRARY = "libc++";
				CLANG_ENABLE_MODULES = YES;
				CLANG_ENABLE_OBJC_ARC = YES;
				CLANG_WARN_BOOL_CONVERSION = YES;
				CLANG_WARN_CONSTANT_CONVERSION = YES;
				CLANG_WARN_DIRECT_OBJC_ISA_USAGE = YES_ERROR;
				CLANG_WARN_EMPTY_BODY = YES;
				CLANG_WARN_ENUM_CONVERSION = YES;
				CLANG_WARN_INT_CONVERSION = YES;
				CLANG_WARN_OBJC_ROOT_CLASS = YES_ERROR;
				CLANG_WARN__DUPLICATE_METHOD_MATCH = YES;
				"CODE_SIGN_IDENTITY[sdk=iphoneos*]" = "iPhone Developer";
				COPY_PHASE_STRIP = YES;
				ENABLE_NS_ASSERTIONS = NO;
				GCC_C_LANGUAGE_STANDARD = gnu99;
				GCC_WARN_64_TO_32_BIT_CONVERSION = YES;
				GCC_WARN_ABOUT_RETURN_TYPE = YES_ERROR;
				GCC_WARN_UNDECLARED_SELECTOR = YES;
				GCC_WARN_UNINITIALIZED_AUTOS = YES;
				GCC_WARN_UNUSED_FUNCTION = YES;
				GCC_WARN_UNUSED_VARIABLE = YES;
				IPHONEOS_DEPLOYMENT_TARGET = 7.0;
				SDKROOT = iphoneos;
				VALIDATE_PRODUCT = YES;
			};
			name = Release;
		};
		B0EFD1B618B7127E00511310 /* Debug */ = {
			isa = XCBuildConfiguration;
			buildSettings = {
				ASSETCATALOG_COMPILER_APPICON_NAME = AppIcon;
				ASSETCATALOG_COMPILER_LAUNCHIMAGE_NAME = LaunchImage;
				GCC_PRECOMPILE_PREFIX_HEADER = YES;
				GCC_PREFIX_HEADER = "ToDoList/ToDoList-Prefix.pch";
				INFOPLIST_FILE = "ToDoList/ToDoList-Info.plist";
				PRODUCT_NAME = "$(TARGET_NAME)";
				WRAPPER_EXTENSION = app;
			};
			name = Debug;
		};
		B0EFD1B718B7127E00511310 /* Release */ = {
			isa = XCBuildConfiguration;
			buildSettings = {
				ASSETCATALOG_COMPILER_APPICON_NAME = AppIcon;
				ASSETCATALOG_COMPILER_LAUNCHIMAGE_NAME = LaunchImage;
				GCC_PRECOMPILE_PREFIX_HEADER = YES;
				GCC_PREFIX_HEADER = "ToDoList/ToDoList-Prefix.pch";
				INFOPLIST_FILE = "ToDoList/ToDoList-Info.plist";
				PRODUCT_NAME = "$(TARGET_NAME)";
				WRAPPER_EXTENSION = app;
			};
			name = Release;
		};
		B0EFD1B918B7127E00511310 /* Debug */ = {
			isa = XCBuildConfiguration;
			buildSettings = {
				ARCHS = "$(ARCHS_STANDARD_INCLUDING_64_BIT)";
				BUNDLE_LOADER = "$(BUILT_PRODUCTS_DIR)/ToDoList.app/ToDoList";
				FRAMEWORK_SEARCH_PATHS = (
					"$(SDKROOT)/Developer/Library/Frameworks",
					"$(inherited)",
					"$(DEVELOPER_FRAMEWORKS_DIR)",
				);
				GCC_PRECOMPILE_PREFIX_HEADER = YES;
				GCC_PREFIX_HEADER = "ToDoList/ToDoList-Prefix.pch";
				GCC_PREPROCESSOR_DEFINITIONS = (
					"DEBUG=1",
					"$(inherited)",
				);
				INFOPLIST_FILE = "ToDoListTests/ToDoListTests-Info.plist";
				PRODUCT_NAME = "$(TARGET_NAME)";
				TEST_HOST = "$(BUNDLE_LOADER)";
				WRAPPER_EXTENSION = xctest;
			};
			name = Debug;
		};
		B0EFD1BA18B7127E00511310 /* Release */ = {
			isa = XCBuildConfiguration;
			buildSettings = {
				ARCHS = "$(ARCHS_STANDARD_INCLUDING_64_BIT)";
				BUNDLE_LOADER = "$(BUILT_PRODUCTS_DIR)/ToDoList.app/ToDoList";
				FRAMEWORK_SEARCH_PATHS = (
					"$(SDKROOT)/Developer/Library/Frameworks",
					"$(inherited)",
					"$(DEVELOPER_FRAMEWORKS_DIR)",
				);
				GCC_PRECOMPILE_PREFIX_HEADER = YES;
				GCC_PREFIX_HEADER = "ToDoList/ToDoList-Prefix.pch";
				INFOPLIST_FILE = "ToDoListTests/ToDoListTests-Info.plist";
				PRODUCT_NAME = "$(TARGET_NAME)";
				TEST_HOST = "$(BUNDLE_LOADER)";
				WRAPPER_EXTENSION = xctest;
			};
			name = Release;
		};
/* End XCBuildConfiguration section */

/* Begin XCConfigurationList section */
		B0EFD18418B7127E00511310 /* Build configuration list for PBXProject "ToDoList" */ = {
			isa = XCConfigurationList;
			buildConfigurations = (
				B0EFD1B318B7127E00511310 /* Debug */,
				B0EFD1B418B7127E00511310 /* Release */,
			);
			defaultConfigurationIsVisible = 0;
			defaultConfigurationName = Release;
		};
		B0EFD1B518B7127E00511310 /* Build configuration list for PBXNativeTarget "ToDoList" */ = {
			isa = XCConfigurationList;
			buildConfigurations = (
				B0EFD1B618B7127E00511310 /* Debug */,
				B0EFD1B718B7127E00511310 /* Release */,
			);
			defaultConfigurationIsVisible = 0;
		};
		B0EFD1B818B7127E00511310 /* Build configuration list for PBXNativeTarget "ToDoListTests" */ = {
			isa = XCConfigurationList;
			buildConfigurations = (
				B0EFD1B918B7127E00511310 /* Debug */,
				B0EFD1BA18B7127E00511310 /* Release */,
			);
			defaultConfigurationIsVisible = 0;
		};
/* End XCConfigurationList section */
	};
	rootObject = B0EFD18118B7127E00511310 /* Project object */;
}
